// !$*UTF8*$!
{
	archiveVersion = 1;
	classes = {
	};
	objectVersion = 77;
	objects = {

/* Begin PBXBuildFile section */
		486980AEF31F84CFC275BA7C /* MLX in Frameworks */ = {isa = PBXBuildFile; productRef = 2917E92251ED63F502730D09 /* MLX */; };
		C151112D2F1E8D4900451BC5 /* BrowserShare.appex in Embed Foundation Extensions */ = {isa = PBXBuildFile; fileRef = C15111232F1E8D4900451BC5 /* BrowserShare.appex */; platformFilter = ios; settings = {ATTRIBUTES = (RemoveHeadersOnCopy, ); }; };
		D1F3A7B9C2468E13579BDF01 /* MLXVLM in Frameworks */ = {isa = PBXBuildFile; productRef = D1F3A7B9C2468E13579BDF02 /* MLXVLM */; };
		E836848BCC3B2333531D7907 /* MLXLLM in Frameworks */ = {isa = PBXBuildFile; productRef = 781A079F6687ACA52FCFC8A5 /* MLXLLM */; };
		F38E9F504536A49B1EB0EE19 /* MLXLMCommon in Frameworks */ = {isa = PBXBuildFile; productRef = 675F7F4EBED3CF113A9851C3 /* MLXLMCommon */; };
/* End PBXBuildFile section */

/* Begin PBXContainerItemProxy section */
		A1000000000000000000000A /* PBXContainerItemProxy */ = {
			isa = PBXContainerItemProxy;
			containerPortal = C14615E72E45FDA5003058C1 /* Project object */;
			proxyType = 1;
			remoteGlobalIDString = C14615EE2E45FDA5003058C1;
			remoteInfo = Browser;
		};
		C151112B2F1E8D4900451BC5 /* PBXContainerItemProxy */ = {
			isa = PBXContainerItemProxy;
			containerPortal = C14615E72E45FDA5003058C1 /* Project object */;
			proxyType = 1;
			remoteGlobalIDString = C15111222F1E8D4900451BC5;
			remoteInfo = BrowserShare;
		};
/* End PBXContainerItemProxy section */

/* Begin PBXCopyFilesBuildPhase section */
		C15111322F1E8D4900451BC5 /* Embed Foundation Extensions */ = {
			isa = PBXCopyFilesBuildPhase;
			buildActionMask = 2147483647;
			dstPath = "";
			dstSubfolderSpec = 13;
			files = (
				C151112D2F1E8D4900451BC5 /* BrowserShare.appex in Embed Foundation Extensions */,
			);
			name = "Embed Foundation Extensions";
			runOnlyForDeploymentPostprocessing = 0;
		};
/* End PBXCopyFilesBuildPhase section */

/* Begin PBXFileReference section */
		A10000000000000000000001 /* BrowserTests.xctest */ = {isa = PBXFileReference; explicitFileType = wrapper.cfbundle; includeInIndex = 0; path = BrowserTests.xctest; sourceTree = BUILT_PRODUCTS_DIR; };
		C14615EF2E45FDA5003058C1 /* Browser.app */ = {isa = PBXFileReference; explicitFileType = wrapper.application; includeInIndex = 0; path = Browser.app; sourceTree = BUILT_PRODUCTS_DIR; };
		C15111232F1E8D4900451BC5 /* BrowserShare.appex */ = {isa = PBXFileReference; explicitFileType = "wrapper.app-extension"; includeInIndex = 0; path = BrowserShare.appex; sourceTree = BUILT_PRODUCTS_DIR; };
/* End PBXFileReference section */

/* Begin PBXFileSystemSynchronizedBuildFileExceptionSet section */
		C14615F92E46FDA5003058C2 /* Exceptions for "Browser" folder in "Browser" target */ = {
			isa = PBXFileSystemSynchronizedBuildFileExceptionSet;
			membershipExceptions = (
				Info.plist,
			);
			target = C14615EE2E45FDA5003058C1 /* Browser */;
		};
		C151112E2F1E8D4900451BC5 /* Exceptions for "BrowserShare" folder in "BrowserShare" target */ = {
			isa = PBXFileSystemSynchronizedBuildFileExceptionSet;
			membershipExceptions = (
				Info.plist,
			);
			target = C15111222F1E8D4900451BC5 /* BrowserShare */;
		};
/* End PBXFileSystemSynchronizedBuildFileExceptionSet section */

/* Begin PBXFileSystemSynchronizedRootGroup section */
		A10000000000000000000002 /* BrowserTests */ = {
			isa = PBXFileSystemSynchronizedRootGroup;
			path = BrowserTests;
			sourceTree = "<group>";
		};
		C14615F12E45FDA5003058C1 /* Browser */ = {
			isa = PBXFileSystemSynchronizedRootGroup;
			exceptions = (
				C14615F92E46FDA5003058C2 /* Exceptions for "Browser" folder in "Browser" target */,
			);
			path = Browser;
			sourceTree = "<group>";
		};
		C15111242F1E8D4900451BC5 /* BrowserShare */ = {
			isa = PBXFileSystemSynchronizedRootGroup;
			exceptions = (
				C151112E2F1E8D4900451BC5 /* Exceptions for "BrowserShare" folder in "BrowserShare" target */,
			);
			path = BrowserShare;
			sourceTree = "<group>";
		};
/* End PBXFileSystemSynchronizedRootGroup section */

/* Begin PBXFrameworksBuildPhase section */
		A10000000000000000000005 /* Frameworks */ = {
			isa = PBXFrameworksBuildPhase;
			buildActionMask = 2147483647;
			files = (
			);
			runOnlyForDeploymentPostprocessing = 0;
		};
		C14615EC2E45FDA5003058C1 /* Frameworks */ = {
			isa = PBXFrameworksBuildPhase;
			buildActionMask = 2147483647;
			files = (
				486980AEF31F84CFC275BA7C /* MLX in Frameworks */,
				D1F3A7B9C2468E13579BDF01 /* MLXVLM in Frameworks */,
				E836848BCC3B2333531D7907 /* MLXLLM in Frameworks */,
				F38E9F504536A49B1EB0EE19 /* MLXLMCommon in Frameworks */,
			);
			runOnlyForDeploymentPostprocessing = 0;
		};
		C15111202F1E8D4900451BC5 /* Frameworks */ = {
			isa = PBXFrameworksBuildPhase;
			buildActionMask = 2147483647;
			files = (
			);
			runOnlyForDeploymentPostprocessing = 0;
		};
/* End PBXFrameworksBuildPhase section */

/* Begin PBXGroup section */
		C14615E62E45FDA5003058C1 = {
			isa = PBXGroup;
			children = (
				C14615F12E45FDA5003058C1 /* Browser */,
				C15111242F1E8D4900451BC5 /* BrowserShare */,
				A10000000000000000000002 /* BrowserTests */,
				C14615F02E45FDA5003058C1 /* Products */,
			);
			sourceTree = "<group>";
		};
		C14615F02E45FDA5003058C1 /* Products */ = {
			isa = PBXGroup;
			children = (
				C14615EF2E45FDA5003058C1 /* Browser.app */,
				C15111232F1E8D4900451BC5 /* BrowserShare.appex */,
				A10000000000000000000001 /* BrowserTests.xctest */,
			);
			name = Products;
			sourceTree = "<group>";
		};
/* End PBXGroup section */

/* Begin PBXNativeTarget section */
		A10000000000000000000003 /* BrowserTests */ = {
			isa = PBXNativeTarget;
			buildConfigurationList = A10000000000000000000007 /* Build configuration list for PBXNativeTarget "BrowserTests" */;
			buildPhases = (
				A10000000000000000000004 /* Sources */,
				A10000000000000000000005 /* Frameworks */,
				A10000000000000000000006 /* Resources */,
			);
			buildRules = (
			);
			dependencies = (
				A1000000000000000000000B /* PBXTargetDependency */,
			);
			fileSystemSynchronizedGroups = (
				A10000000000000000000002 /* BrowserTests */,
			);
			name = BrowserTests;
			packageProductDependencies = (
			);
			productName = BrowserTests;
			productReference = A10000000000000000000001 /* BrowserTests.xctest */;
			productType = "com.apple.product-type.bundle.unit-test";
		};
		C14615EE2E45FDA5003058C1 /* Browser */ = {
			isa = PBXNativeTarget;
			buildConfigurationList = C14615FA2E45FDA6003058C1 /* Build configuration list for PBXNativeTarget "Browser" */;
			buildPhases = (
				C14615EB2E45FDA5003058C1 /* Sources */,
				C14615EC2E45FDA5003058C1 /* Frameworks */,
				C14615ED2E45FDA5003058C1 /* Resources */,
				C15111322F1E8D4900451BC5 /* Embed Foundation Extensions */,
			);
			buildRules = (
			);
			dependencies = (
				C151112C2F1E8D4900451BC5 /* PBXTargetDependency */,
			);
			fileSystemSynchronizedGroups = (
				C14615F12E45FDA5003058C1 /* Browser */,
			);
			name = Browser;
			packageProductDependencies = (
				2917E92251ED63F502730D09 /* MLX */,
				781A079F6687ACA52FCFC8A5 /* MLXLLM */,
				675F7F4EBED3CF113A9851C3 /* MLXLMCommon */,
				D1F3A7B9C2468E13579BDF02 /* MLXVLM */,
			);
			productName = Browser;
			productReference = C14615EF2E45FDA5003058C1 /* Browser.app */;
			productType = "com.apple.product-type.application";
		};
		C15111222F1E8D4900451BC5 /* BrowserShare */ = {
			isa = PBXNativeTarget;
			buildConfigurationList = C151112F2F1E8D4900451BC5 /* Build configuration list for PBXNativeTarget "BrowserShare" */;
			buildPhases = (
				C151111F2F1E8D4900451BC5 /* Sources */,
				C15111202F1E8D4900451BC5 /* Frameworks */,
				C15111212F1E8D4900451BC5 /* Resources */,
			);
			buildRules = (
			);
			dependencies = (
			);
			fileSystemSynchronizedGroups = (
				C15111242F1E8D4900451BC5 /* BrowserShare */,
			);
			name = BrowserShare;
			packageProductDependencies = (
			);
			productName = BrowserShare;
			productReference = C15111232F1E8D4900451BC5 /* BrowserShare.appex */;
			productType = "com.apple.product-type.app-extension";
		};
/* End PBXNativeTarget section */

/* Begin PBXProject section */
		C14615E72E45FDA5003058C1 /* Project object */ = {
			isa = PBXProject;
			attributes = {
				BuildIndependentTargetsInParallel = 1;
				LastSwiftUpdateCheck = 2600;
				LastUpgradeCheck = 2600;
				TargetAttributes = {
					A10000000000000000000003 = {
						CreatedOnToolsVersion = 26.0;
						TestTargetID = C14615EE2E45FDA5003058C1;
					};
					C14615EE2E45FDA5003058C1 = {
						CreatedOnToolsVersion = 26.0;
					};
					C15111222F1E8D4900451BC5 = {
						CreatedOnToolsVersion = 26.0;
					};
				};
			};
			buildConfigurationList = C14615EA2E45FDA5003058C1 /* Build configuration list for PBXProject "Browser" */;
			developmentRegion = en;
			hasScannedForEncodings = 0;
			knownRegions = (
				en,
				Base,
			);
			mainGroup = C14615E62E45FDA5003058C1;
			minimizedProjectReferenceProxies = 1;
			packageReferences = (
				BEA184CBEBF55F4C235ED9BD /* XCRemoteSwiftPackageReference "mlx-swift" */,
				7732089D666691CEEB13ECC8 /* XCRemoteSwiftPackageReference "mlx-swift-lm" */,
			);
			preferredProjectObjectVersion = 77;
			productRefGroup = C14615F02E45FDA5003058C1 /* Products */;
			projectDirPath = "";
			projectRoot = "";
			targets = (
				C14615EE2E45FDA5003058C1 /* Browser */,
				C15111222F1E8D4900451BC5 /* BrowserShare */,
				A10000000000000000000003 /* BrowserTests */,
			);
		};
/* End PBXProject section */

/* Begin PBXResourcesBuildPhase section */
		A10000000000000000000006 /* Resources */ = {
			isa = PBXResourcesBuildPhase;
			buildActionMask = 2147483647;
			files = (
			);
			runOnlyForDeploymentPostprocessing = 0;
		};
		C14615ED2E45FDA5003058C1 /* Resources */ = {
			isa = PBXResourcesBuildPhase;
			buildActionMask = 2147483647;
			files = (
			);
			runOnlyForDeploymentPostprocessing = 0;
		};
		C15111212F1E8D4900451BC5 /* Resources */ = {
			isa = PBXResourcesBuildPhase;
			buildActionMask = 2147483647;
			files = (
			);
			runOnlyForDeploymentPostprocessing = 0;
		};
/* End PBXResourcesBuildPhase section */

/* Begin PBXSourcesBuildPhase section */
		A10000000000000000000004 /* Sources */ = {
			isa = PBXSourcesBuildPhase;
			buildActionMask = 2147483647;
			files = (
			);
			runOnlyForDeploymentPostprocessing = 0;
		};
		C14615EB2E45FDA5003058C1 /* Sources */ = {
			isa = PBXSourcesBuildPhase;
			buildActionMask = 2147483647;
			files = (
			);
			runOnlyForDeploymentPostprocessing = 0;
		};
		C151111F2F1E8D4900451BC5 /* Sources */ = {
			isa = PBXSourcesBuildPhase;
			buildActionMask = 2147483647;
			files = (
			);
			runOnlyForDeploymentPostprocessing = 0;
		};
/* End PBXSourcesBuildPhase section */

/* Begin PBXTargetDependency section */
		A1000000000000000000000B /* PBXTargetDependency */ = {
			isa = PBXTargetDependency;
			target = C14615EE2E45FDA5003058C1 /* Browser */;
			targetProxy = A1000000000000000000000A /* PBXContainerItemProxy */;
		};
		C151112C2F1E8D4900451BC5 /* PBXTargetDependency */ = {
			isa = PBXTargetDependency;
			platformFilter = ios;
			target = C15111222F1E8D4900451BC5 /* BrowserShare */;
			targetProxy = C151112B2F1E8D4900451BC5 /* PBXContainerItemProxy */;
		};
/* End PBXTargetDependency section */

/* Begin XCBuildConfiguration section */
		A10000000000000000000008 /* Debug */ = {
			isa = XCBuildConfiguration;
			buildSettings = {
				BUNDLE_LOADER = "$(TEST_HOST)";
				CODE_SIGN_STYLE = Automatic;
				DEVELOPMENT_TEAM = HNG8WV554B;
				GENERATE_INFOPLIST_FILE = YES;
				IPHONEOS_DEPLOYMENT_TARGET = 26.0;
				LD_RUNPATH_SEARCH_PATHS = (
					"$(inherited)",
					"@executable_path/Frameworks",
					"@loader_path/Frameworks",
				);
				PRODUCT_BUNDLE_IDENTIFIER = com.web.me.BrowserTests;
				PRODUCT_NAME = "$(TARGET_NAME)";
				SDKROOT = iphoneos;
				SWIFT_APPROACHABLE_CONCURRENCY = YES;
				SWIFT_DEFAULT_ACTOR_ISOLATION = MainActor;
				SWIFT_VERSION = 5.0;
				TARGETED_DEVICE_FAMILY = "1,2";
				TEST_HOST = "$(BUILT_PRODUCTS_DIR)/Browser.app/$(BUNDLE_EXECUTABLE_FOLDER_PATH)/Browser";
			};
			name = Debug;
		};
		A10000000000000000000009 /* Release */ = {
			isa = XCBuildConfiguration;
			buildSettings = {
				BUNDLE_LOADER = "$(TEST_HOST)";
				CODE_SIGN_STYLE = Automatic;
				DEVELOPMENT_TEAM = HNG8WV554B;
				GENERATE_INFOPLIST_FILE = YES;
				IPHONEOS_DEPLOYMENT_TARGET = 26.0;
				LD_RUNPATH_SEARCH_PATHS = (
					"$(inherited)",
					"@executable_path/Frameworks",
					"@loader_path/Frameworks",
				);
				PRODUCT_BUNDLE_IDENTIFIER = com.web.me.BrowserTests;
				PRODUCT_NAME = "$(TARGET_NAME)";
				SDKROOT = iphoneos;
				SWIFT_APPROACHABLE_CONCURRENCY = YES;
				SWIFT_DEFAULT_ACTOR_ISOLATION = MainActor;
				SWIFT_VERSION = 5.0;
				TARGETED_DEVICE_FAMILY = "1,2";
				TEST_HOST = "$(BUILT_PRODUCTS_DIR)/Browser.app/$(BUNDLE_EXECUTABLE_FOLDER_PATH)/Browser";
			};
			name = Release;
		};
		C14615F82E45FDA6003058C1 /* Debug */ = {
			isa = XCBuildConfiguration;
			buildSettings = {
				ALWAYS_SEARCH_USER_PATHS = NO;
				ASSETCATALOG_COMPILER_GENERATE_SWIFT_ASSET_SYMBOL_EXTENSIONS = YES;
				CLANG_ANALYZER_NONNULL = YES;
				CLANG_ANALYZER_NUMBER_OBJECT_CONVERSION = YES_AGGRESSIVE;
				CLANG_CXX_LANGUAGE_STANDARD = "gnu++20";
				CLANG_ENABLE_MODULES = YES;
				CLANG_ENABLE_OBJC_ARC = YES;
				CLANG_ENABLE_OBJC_WEAK = YES;
				CLANG_WARN_BLOCK_CAPTURE_AUTORELEASING = YES;
				CLANG_WARN_BOOL_CONVERSION = YES;
				CLANG_WARN_COMMA = YES;
				CLANG_WARN_CONSTANT_CONVERSION = YES;
				CLANG_WARN_DEPRECATED_OBJC_IMPLEMENTATIONS = YES;
				CLANG_WARN_DIRECT_OBJC_ISA_USAGE = YES_ERROR;
				CLANG_WARN_DOCUMENTATION_COMMENTS = YES;
				CLANG_WARN_EMPTY_BODY = YES;
				CLANG_WARN_ENUM_CONVERSION = YES;
				CLANG_WARN_INFINITE_RECURSION = YES;
				CLANG_WARN_INT_CONVERSION = YES;
				CLANG_WARN_NON_LITERAL_NULL_CONVERSION = YES;
				CLANG_WARN_OBJC_IMPLICIT_RETAIN_SELF = YES;
				CLANG_WARN_OBJC_LITERAL_CONVERSION = YES;
				CLANG_WARN_OBJC_ROOT_CLASS = YES_ERROR;
				CLANG_WARN_QUOTED_INCLUDE_IN_FRAMEWORK_HEADER = YES;
				CLANG_WARN_RANGE_LOOP_ANALYSIS = YES;
				CLANG_WARN_STRICT_PROTOTYPES = YES;
				CLANG_WARN_SUSPICIOUS_MOVE = YES;
				CLANG_WARN_UNGUARDED_AVAILABILITY = YES_AGGRESSIVE;
				CLANG_WARN_UNREACHABLE_CODE = YES;
				CLANG_WARN__DUPLICATE_METHOD_MATCH = YES;
				COPY_PHASE_STRIP = NO;
				DEBUG_INFORMATION_FORMAT = dwarf;
				DEVELOPMENT_TEAM = HNG8WV554B;
				ENABLE_STRICT_OBJC_MSGSEND = YES;
				ENABLE_TESTABILITY = YES;
				ENABLE_USER_SCRIPT_SANDBOXING = YES;
				GCC_C_LANGUAGE_STANDARD = gnu17;
				GCC_DYNAMIC_NO_PIC = NO;
				GCC_NO_COMMON_BLOCKS = YES;
				GCC_OPTIMIZATION_LEVEL = 0;
				GCC_PREPROCESSOR_DEFINITIONS = (
					"DEBUG=1",
					"$(inherited)",
				);
				GCC_WARN_64_TO_32_BIT_CONVERSION = YES;
				GCC_WARN_ABOUT_RETURN_TYPE = YES_ERROR;
				GCC_WARN_UNDECLARED_SELECTOR = YES;
				GCC_WARN_UNINITIALIZED_AUTOS = YES_AGGRESSIVE;
				GCC_WARN_UNUSED_FUNCTION = YES;
				GCC_WARN_UNUSED_VARIABLE = YES;
				IPHONEOS_DEPLOYMENT_TARGET = 26.0;
				LOCALIZATION_PREFERS_STRING_CATALOGS = YES;
				MTL_ENABLE_DEBUG_INFO = INCLUDE_SOURCE;
				MTL_FAST_MATH = YES;
				ONLY_ACTIVE_ARCH = YES;
				SDKROOT = iphoneos;
				SWIFT_ACTIVE_COMPILATION_CONDITIONS = "DEBUG $(inherited)";
				SWIFT_OPTIMIZATION_LEVEL = "-Onone";
			};
			name = Debug;
		};
		C14615F92E45FDA6003058C1 /* Release */ = {
			isa = XCBuildConfiguration;
			buildSettings = {
				ALWAYS_SEARCH_USER_PATHS = NO;
				ASSETCATALOG_COMPILER_GENERATE_SWIFT_ASSET_SYMBOL_EXTENSIONS = YES;
				CLANG_ANALYZER_NONNULL = YES;
				CLANG_ANALYZER_NUMBER_OBJECT_CONVERSION = YES_AGGRESSIVE;
				CLANG_CXX_LANGUAGE_STANDARD = "gnu++20";
				CLANG_ENABLE_MODULES = YES;
				CLANG_ENABLE_OBJC_ARC = YES;
				CLANG_ENABLE_OBJC_WEAK = YES;
				CLANG_WARN_BLOCK_CAPTURE_AUTORELEASING = YES;
				CLANG_WARN_BOOL_CONVERSION = YES;
				CLANG_WARN_COMMA = YES;
				CLANG_WARN_CONSTANT_CONVERSION = YES;
				CLANG_WARN_DEPRECATED_OBJC_IMPLEMENTATIONS = YES;
				CLANG_WARN_DIRECT_OBJC_ISA_USAGE = YES_ERROR;
				CLANG_WARN_DOCUMENTATION_COMMENTS = YES;
				CLANG_WARN_EMPTY_BODY = YES;
				CLANG_WARN_ENUM_CONVERSION = YES;
				CLANG_WARN_INFINITE_RECURSION = YES;
				CLANG_WARN_INT_CONVERSION = YES;
				CLANG_WARN_NON_LITERAL_NULL_CONVERSION = YES;
				CLANG_WARN_OBJC_IMPLICIT_RETAIN_SELF = YES;
				CLANG_WARN_OBJC_LITERAL_CONVERSION = YES;
				CLANG_WARN_OBJC_ROOT_CLASS = YES_ERROR;
				CLANG_WARN_QUOTED_INCLUDE_IN_FRAMEWORK_HEADER = YES;
				CLANG_WARN_RANGE_LOOP_ANALYSIS = YES;
				CLANG_WARN_STRICT_PROTOTYPES = YES;
				CLANG_WARN_SUSPICIOUS_MOVE = YES;
				CLANG_WARN_UNGUARDED_AVAILABILITY = YES_AGGRESSIVE;
				CLANG_WARN_UNREACHABLE_CODE = YES;
				CLANG_WARN__DUPLICATE_METHOD_MATCH = YES;
				COPY_PHASE_STRIP = NO;
				DEBUG_INFORMATION_FORMAT = "dwarf-with-dsym";
				DEVELOPMENT_TEAM = HNG8WV554B;
				ENABLE_NS_ASSERTIONS = NO;
				ENABLE_STRICT_OBJC_MSGSEND = YES;
				ENABLE_USER_SCRIPT_SANDBOXING = YES;
				GCC_C_LANGUAGE_STANDARD = gnu17;
				GCC_NO_COMMON_BLOCKS = YES;
				GCC_WARN_64_TO_32_BIT_CONVERSION = YES;
				GCC_WARN_ABOUT_RETURN_TYPE = YES_ERROR;
				GCC_WARN_UNDECLARED_SELECTOR = YES;
				GCC_WARN_UNINITIALIZED_AUTOS = YES_AGGRESSIVE;
				GCC_WARN_UNUSED_FUNCTION = YES;
				GCC_WARN_UNUSED_VARIABLE = YES;
				IPHONEOS_DEPLOYMENT_TARGET = 26.0;
				LOCALIZATION_PREFERS_STRING_CATALOGS = YES;
				MTL_ENABLE_DEBUG_INFO = NO;
				MTL_FAST_MATH = YES;
				SDKROOT = iphoneos;
				SWIFT_COMPILATION_MODE = wholemodule;
				VALIDATE_PRODUCT = YES;
			};
			name = Release;
		};
		C14615FB2E45FDA6003058C1 /* Debug */ = {
			isa = XCBuildConfiguration;
			buildSettings = {
				ASSETCATALOG_COMPILER_APPICON_NAME = AppIcon;
				ASSETCATALOG_COMPILER_GLOBAL_ACCENT_COLOR_NAME = AccentColor;
				CODE_SIGN_ENTITLEMENTS = Browser/Browser.entitlements;
				"CODE_SIGN_ENTITLEMENTS[sdk=macosx*]" = Browser/BrowserMac.entitlements;
				CODE_SIGN_STYLE = Automatic;
				CURRENT_PROJECT_VERSION = 18;
				DEVELOPMENT_TEAM = HNG8WV554B;
				ENABLE_PREVIEWS = YES;
				GENERATE_INFOPLIST_FILE = NO;
				INFOPLIST_FILE = Browser/Info.plist;
				LD_RUNPATH_SEARCH_PATHS = (
					"$(inherited)",
					"@executable_path/Frameworks",
				);
				MARKETING_VERSION = 1.1;
				PRODUCT_BUNDLE_IDENTIFIER = com.web.me.Browser;
				PRODUCT_NAME = "$(TARGET_NAME)";
				REGISTER_APP_GROUPS = YES;
				STRING_CATALOG_GENERATE_SYMBOLS = YES;
				SUPPORTED_PLATFORMS = "iphoneos iphonesimulator";
				SUPPORTS_MACCATALYST = YES;
				SUPPORTS_MAC_DESIGNED_FOR_IPHONE_IPAD = NO;
				SUPPORTS_XR_DESIGNED_FOR_IPHONE_IPAD = NO;
				SWIFT_APPROACHABLE_CONCURRENCY = YES;
				SWIFT_DEFAULT_ACTOR_ISOLATION = MainActor;
				SWIFT_EMIT_LOC_STRINGS = YES;
				SWIFT_UPCOMING_FEATURE_MEMBER_IMPORT_VISIBILITY = YES;
				SWIFT_VERSION = 5.0;
				TARGETED_DEVICE_FAMILY = "1,2";
			};
			name = Debug;
		};
		C14615FC2E45FDA6003058C1 /* Release */ = {
			isa = XCBuildConfiguration;
			buildSettings = {
				ASSETCATALOG_COMPILER_APPICON_NAME = AppIcon;
				ASSETCATALOG_COMPILER_GLOBAL_ACCENT_COLOR_NAME = AccentColor;
				CODE_SIGN_ENTITLEMENTS = Browser/Browser.entitlements;
				"CODE_SIGN_ENTITLEMENTS[sdk=macosx*]" = Browser/BrowserMac.entitlements;
				CODE_SIGN_STYLE = Automatic;
				CURRENT_PROJECT_VERSION = 18;
				DEVELOPMENT_TEAM = HNG8WV554B;
				ENABLE_PREVIEWS = YES;
				GENERATE_INFOPLIST_FILE = NO;
				INFOPLIST_FILE = Browser/Info.plist;
				LD_RUNPATH_SEARCH_PATHS = (
					"$(inherited)",
					"@executable_path/Frameworks",
				);
				MARKETING_VERSION = 1.1;
				PRODUCT_BUNDLE_IDENTIFIER = com.web.me.Browser;
				PRODUCT_NAME = "$(TARGET_NAME)";
				REGISTER_APP_GROUPS = YES;
				STRING_CATALOG_GENERATE_SYMBOLS = YES;
				SUPPORTED_PLATFORMS = "iphoneos iphonesimulator";
				SUPPORTS_MACCATALYST = YES;
				SUPPORTS_MAC_DESIGNED_FOR_IPHONE_IPAD = NO;
				SUPPORTS_XR_DESIGNED_FOR_IPHONE_IPAD = NO;
				SWIFT_APPROACHABLE_CONCURRENCY = YES;
				SWIFT_DEFAULT_ACTOR_ISOLATION = MainActor;
				SWIFT_EMIT_LOC_STRINGS = YES;
				SWIFT_UPCOMING_FEATURE_MEMBER_IMPORT_VISIBILITY = YES;
				SWIFT_VERSION = 5.0;
				TARGETED_DEVICE_FAMILY = "1,2";
			};
			name = Release;
		};
		C15111302F1E8D4900451BC5 /* Debug */ = {
			isa = XCBuildConfiguration;
			buildSettings = {
				CODE_SIGN_ENTITLEMENTS = BrowserShare/BrowserShare.entitlements;
				CODE_SIGN_STYLE = Automatic;
				CURRENT_PROJECT_VERSION = 18;
				DEVELOPMENT_TEAM = HNG8WV554B;
				GENERATE_INFOPLIST_FILE = YES;
				INFOPLIST_FILE = BrowserShare/Info.plist;
				INFOPLIST_KEY_CFBundleDisplayName = BrowserShare;
				INFOPLIST_KEY_NSHumanReadableCopyright = "";
				LD_RUNPATH_SEARCH_PATHS = (
					"$(inherited)",
					"@executable_path/Frameworks",
					"@executable_path/../../Frameworks",
				);
				MARKETING_VERSION = 1.1;
				PRODUCT_BUNDLE_IDENTIFIER = com.web.me.Browser.BrowserShare;
				PRODUCT_NAME = "$(TARGET_NAME)";
				SKIP_INSTALL = YES;
				STRING_CATALOG_GENERATE_SYMBOLS = YES;
				SWIFT_APPROACHABLE_CONCURRENCY = YES;
				SWIFT_EMIT_LOC_STRINGS = YES;
				SWIFT_UPCOMING_FEATURE_MEMBER_IMPORT_VISIBILITY = YES;
				SWIFT_VERSION = 5.0;
				TARGETED_DEVICE_FAMILY = "1,2";
			};
			name = Debug;
		};
		C15111312F1E8D4900451BC5 /* Release */ = {
			isa = XCBuildConfiguration;
			buildSettings = {
				CODE_SIGN_ENTITLEMENTS = BrowserShare/BrowserShare.entitlements;
				CODE_SIGN_STYLE = Automatic;
				CURRENT_PROJECT_VERSION = 18;
				DEVELOPMENT_TEAM = HNG8WV554B;
				GENERATE_INFOPLIST_FILE = YES;
				INFOPLIST_FILE = BrowserShare/Info.plist;
				INFOPLIST_KEY_CFBundleDisplayName = BrowserShare;
				INFOPLIST_KEY_NSHumanReadableCopyright = "";
				LD_RUNPATH_SEARCH_PATHS = (
					"$(inherited)",
					"@executable_path/Frameworks",
					"@executable_path/../../Frameworks",
				);
				MARKETING_VERSION = 1.1;
				PRODUCT_BUNDLE_IDENTIFIER = com.web.me.Browser.BrowserShare;
				PRODUCT_NAME = "$(TARGET_NAME)";
				SKIP_INSTALL = YES;
				STRING_CATALOG_GENERATE_SYMBOLS = YES;
				SWIFT_APPROACHABLE_CONCURRENCY = YES;
				SWIFT_EMIT_LOC_STRINGS = YES;
				SWIFT_UPCOMING_FEATURE_MEMBER_IMPORT_VISIBILITY = YES;
				SWIFT_VERSION = 5.0;
				TARGETED_DEVICE_FAMILY = "1,2";
			};
			name = Release;
		};
/* End XCBuildConfiguration section */

/* Begin XCConfigurationList section */
		A10000000000000000000007 /* Build configuration list for PBXNativeTarget "BrowserTests" */ = {
			isa = XCConfigurationList;
			buildConfigurations = (
				A10000000000000000000008 /* Debug */,
				A10000000000000000000009 /* Release */,
			);
			defaultConfigurationIsVisible = 0;
			defaultConfigurationName = Debug;
		};
		C14615EA2E45FDA5003058C1 /* Build configuration list for PBXProject "Browser" */ = {
			isa = XCConfigurationList;
			buildConfigurations = (
				C14615F82E45FDA6003058C1 /* Debug */,
				C14615F92E45FDA6003058C1 /* Release */,
			);
			defaultConfigurationIsVisible = 0;
			defaultConfigurationName = Release;
		};
		C14615FA2E45FDA6003058C1 /* Build configuration list for PBXNativeTarget "Browser" */ = {
			isa = XCConfigurationList;
			buildConfigurations = (
				C14615FB2E45FDA6003058C1 /* Debug */,
				C14615FC2E45FDA6003058C1 /* Release */,
			);
			defaultConfigurationIsVisible = 0;
			defaultConfigurationName = Release;
		};
		C151112F2F1E8D4900451BC5 /* Build configuration list for PBXNativeTarget "BrowserShare" */ = {
			isa = XCConfigurationList;
			buildConfigurations = (
				C15111302F1E8D4900451BC5 /* Debug */,
				C15111312F1E8D4900451BC5 /* Release */,
			);
			defaultConfigurationIsVisible = 0;
			defaultConfigurationName = Release;
		};
/* End XCConfigurationList section */

/* Begin XCRemoteSwiftPackageReference section */
		7732089D666691CEEB13ECC8 /* XCRemoteSwiftPackageReference "mlx-swift-lm" */ = {
			isa = XCRemoteSwiftPackageReference;
			repositoryURL = "https://github.com/ml-explore/mlx-swift-lm";
			requirement = {
				branch = main;
				kind = branch;
			};
		};
		BEA184CBEBF55F4C235ED9BD /* XCRemoteSwiftPackageReference "mlx-swift" */ = {
			isa = XCRemoteSwiftPackageReference;
			repositoryURL = "https://github.com/ml-explore/mlx-swift";
			requirement = {
				kind = upToNextMajorVersion;
				minimumVersion = 0.29.1;
			};
		};
/* End XCRemoteSwiftPackageReference section */

/* Begin XCSwiftPackageProductDependency section */
		2917E92251ED63F502730D09 /* MLX */ = {
			isa = XCSwiftPackageProductDependency;
			package = BEA184CBEBF55F4C235ED9BD /* XCRemoteSwiftPackageReference "mlx-swift" */;
			productName = MLX;
		};
		675F7F4EBED3CF113A9851C3 /* MLXLMCommon */ = {
			isa = XCSwiftPackageProductDependency;
			package = 7732089D666691CEEB13ECC8 /* XCRemoteSwiftPackageReference "mlx-swift-lm" */;
			productName = MLXLMCommon;
		};
		781A079F6687ACA52FCFC8A5 /* MLXLLM */ = {
			isa = XCSwiftPackageProductDependency;
			package = 7732089D666691CEEB13ECC8 /* XCRemoteSwiftPackageReference "mlx-swift-lm" */;
			productName = MLXLLM;
		};
		D1F3A7B9C2468E13579BDF02 /* MLXVLM */ = {
			isa = XCSwiftPackageProductDependency;
			package = 7732089D666691CEEB13ECC8 /* XCRemoteSwiftPackageReference "mlx-swift-lm" */;
			productName = MLXVLM;
		};
/* End XCSwiftPackageProductDependency section */
	};
	rootObject = C14615E72E45FDA5003058C1 /* Project object */;
}
